
Microsoft Visual Studio Solution File, Format Version 12.00
# Visual Studio Version 16
VisualStudioVersion = 16.0.30717.126
MinimumVisualStudioVersion = 10.0.40219.1
Project("{9A19103F-16F7-4668-BE54-9A1E7A4F7556}") = "SearchProject", "SearchProject\SearchProject.csproj", "{ABF946B3-2EA6-4009-A3FC-6E3BF3C1DB0B}"
EndProject
Global
	GlobalSection(SolutionConfigurationPlatforms) = preSolution
		Debug|Any CPU = Debug|Any CPU
		Release|Any CPU = Release|Any CPU
	EndGlobalSection
	GlobalSection(ProjectConfigurationPlatforms) = postSolution
		{ABF946B3-2EA6-4009-A3FC-6E3BF3C1DB0B}.Debug|Any CPU.ActiveCfg = Debug|Any CPU
		{ABF946B3-2EA6-4009-A3FC-6E3BF3C1DB0B}.Debug|Any CPU.Build.0 = Debug|Any CPU
		{ABF946B3-2EA6-4009-A3FC-6E3BF3C1DB0B}.Release|Any CPU.ActiveCfg = Release|Any CPU
		{ABF946B3-2EA6-4009-A3FC-6E3BF3C1DB0B}.Release|Any CPU.Build.0 = Release|Any CPU
	EndGlobalSection
	GlobalSection(SolutionProperties) = preSolution
		HideSolutionNode = FALSE
	EndGlobalSection
	GlobalSection(ExtensibilityGlobals) = postSolution
		SolutionGuid = {F94337E9-49E3-49A0-96A7-463C8F0412D8}
	EndGlobalSection
EndGlobal
